// !$*UTF8*$!
{
	archiveVersion = 1;
	classes = {
	};
	objectVersion = 54;
	objects = {

/* Begin PBXBuildFile section */
		9579FB217E8EAC6685C6E241 /* Pods_XLPagerTab_Sample.framework in Frameworks */ = {isa = PBXBuildFile; fileRef = C2735B2DF1B20598142BCF0D /* Pods_XLPagerTab_Sample.framework */; };
		99F04A502750A75F0063D376 /* AppDelegate.swift in Sources */ = {isa = PBXBuildFile; fileRef = 99F04A4F2750A75F0063D376 /* AppDelegate.swift */; };
		99F04A522750A75F0063D376 /* SceneDelegate.swift in Sources */ = {isa = PBXBuildFile; fileRef = 99F04A512750A75F0063D376 /* SceneDelegate.swift */; };
		99F04A542750A75F0063D376 /* MainViewController.swift in Sources */ = {isa = PBXBuildFile; fileRef = 99F04A532750A75F0063D376 /* MainViewController.swift */; };
		99F04A572750A75F0063D376 /* Main.storyboard in Resources */ = {isa = PBXBuildFile; fileRef = 99F04A552750A75F0063D376 /* Main.storyboard */; };
		99F04A592750A7640063D376 /* Assets.xcassets in Resources */ = {isa = PBXBuildFile; fileRef = 99F04A582750A7640063D376 /* Assets.xcassets */; };
		99F04A5C2750A7640063D376 /* LaunchScreen.storyboard in Resources */ = {isa = PBXBuildFile; fileRef = 99F04A5A2750A7640063D376 /* LaunchScreen.storyboard */; };
		99F04A642750B0F00063D376 /* FirstViewController.swift in Sources */ = {isa = PBXBuildFile; fileRef = 99F04A632750B0F00063D376 /* FirstViewController.swift */; };
		99F04A662750B1020063D376 /* SecondViewController.swift in Sources */ = {isa = PBXBuildFile; fileRef = 99F04A652750B1020063D376 /* SecondViewController.swift */; };
		99F04A682750B1DA0063D376 /* ThirdViewController.swift in Sources */ = {isa = PBXBuildFile; fileRef = 99F04A672750B1DA0063D376 /* ThirdViewController.swift */; };
/* End PBXBuildFile section */

/* Begin PBXFileReference section */
		6BFF4A32567A2F6BEB9B6CD9 /* Pods-XLPagerTab-Sample.debug.xcconfig */ = {isa = PBXFileReference; includeInIndex = 1; lastKnownFileType = text.xcconfig; name = "Pods-XLPagerTab-Sample.debug.xcconfig"; path = "Target Support Files/Pods-XLPagerTab-Sample/Pods-XLPagerTab-Sample.debug.xcconfig"; sourceTree = "<group>"; };
		99F04A4C2750A75F0063D376 /* XLPagerTab-Sample.app */ = {isa = PBXFileReference; explicitFileType = wrapper.application; includeInIndex = 0; path = "XLPagerTab-Sample.app"; sourceTree = BUILT_PRODUCTS_DIR; };
		99F04A4F2750A75F0063D376 /* AppDelegate.swift */ = {isa = PBXFileReference; lastKnownFileType = sourcecode.swift; path = AppDelegate.swift; sourceTree = "<group>"; };
		99F04A512750A75F0063D376 /* SceneDelegate.swift */ = {isa = PBXFileReference; lastKnownFileType = sourcecode.swift; path = SceneDelegate.swift; sourceTree = "<group>"; };
		99F04A532750A75F0063D376 /* MainViewController.swift */ = {isa = PBXFileReference; lastKnownFileType = sourcecode.swift; path = MainViewController.swift; sourceTree = "<group>"; };
		99F04A562750A75F0063D376 /* Base */ = {isa = PBXFileReference; lastKnownFileType = file.storyboard; name = Base; path = Base.lproj/Main.storyboard; sourceTree = "<group>"; };
		99F04A582750A7640063D376 /* Assets.xcassets */ = {isa = PBXFileReference; lastKnownFileType = folder.assetcatalog; path = Assets.xcassets; sourceTree = "<group>"; };
		99F04A5B2750A7640063D376 /* Base */ = {isa = PBXFileReference; lastKnownFileType = file.storyboard; name = Base; path = Base.lproj/LaunchScreen.storyboard; sourceTree = "<group>"; };
		99F04A5D2750A7640063D376 /* Info.plist */ = {isa = PBXFileReference; lastKnownFileType = text.plist.xml; path = Info.plist; sourceTree = "<group>"; };
		99F04A632750B0F00063D376 /* FirstViewController.swift */ = {isa = PBXFileReference; lastKnownFileType = sourcecode.swift; path = FirstViewController.swift; sourceTree = "<group>"; };
		99F04A652750B1020063D376 /* SecondViewController.swift */ = {isa = PBXFileReference; lastKnownFileType = sourcecode.swift; path = SecondViewController.swift; sourceTree = "<group>"; };
		99F04A672750B1DA0063D376 /* ThirdViewController.swift */ = {isa = PBXFileReference; lastKnownFileType = sourcecode.swift; path = ThirdViewController.swift; sourceTree = "<group>"; };
		A645A5FE11E8BDE706875BDE /* Pods-XLPagerTab-Sample.release.xcconfig */ = {isa = PBXFileReference; includeInIndex = 1; lastKnownFileType = text.xcconfig; name = "Pods-XLPagerTab-Sample.release.xcconfig"; path = "Target Support Files/Pods-XLPagerTab-Sample/Pods-XLPagerTab-Sample.release.xcconfig"; sourceTree = "<group>"; };
		C2735B2DF1B20598142BCF0D /* Pods_XLPagerTab_Sample.framework */ = {isa = PBXFileReference; explicitFileType = wrapper.framework; includeInIndex = 0; path = Pods_XLPagerTab_Sample.framework; sourceTree = BUILT_PRODUCTS_DIR; };
/* End PBXFileReference section */

/* Begin PBXFrameworksBuildPhase section */
		99F04A492750A75F0063D376 /* Frameworks */ = {
			isa = PBXFrameworksBuildPhase;
			buildActionMask = 2147483647;
			files = (
				9579FB217E8EAC6685C6E241 /* Pods_XLPagerTab_Sample.framework in Frameworks */,
			);
			runOnlyForDeploymentPostprocessing = 0;
		};
/* End PBXFrameworksBuildPhase section */

/* Begin PBXGroup section */
		2A08F9A852AFB06F44E431E9 /* Frameworks */ = {
			isa = PBXGroup;
			children = (
				C2735B2DF1B20598142BCF0D /* Pods_XLPagerTab_Sample.framework */,
			);
			name = Frameworks;
			sourceTree = "<group>";
		};
		5B4044412F2D41CBEDD0B128 /* Pods */ = {
			isa = PBXGroup;
			children = (
				6BFF4A32567A2F6BEB9B6CD9 /* Pods-XLPagerTab-Sample.debug.xcconfig */,
				A645A5FE11E8BDE706875BDE /* Pods-XLPagerTab-Sample.release.xcconfig */,
			);
			path = Pods;
			sourceTree = "<group>";
		};
		99F04A432750A75F0063D376 = {
			isa = PBXGroup;
			children = (
				99F04A4E2750A75F0063D376 /* XLPagerTab-Sample */,
				99F04A4D2750A75F0063D376 /* Products */,
				5B4044412F2D41CBEDD0B128 /* Pods */,
				2A08F9A852AFB06F44E431E9 /* Frameworks */,
			);
			sourceTree = "<group>";
		};
		99F04A4D2750A75F0063D376 /* Products */ = {
			isa = PBXGroup;
			children = (
				99F04A4C2750A75F0063D376 /* XLPagerTab-Sample.app */,
			);
			name = Products;
			sourceTree = "<group>";
		};
		99F04A4E2750A75F0063D376 /* XLPagerTab-Sample */ = {
			isa = PBXGroup;
			children = (
				99F04A4F2750A75F0063D376 /* AppDelegate.swift */,
				99F04A512750A75F0063D376 /* SceneDelegate.swift */,
				99F04A532750A75F0063D376 /* MainViewController.swift */,
				99F04A632750B0F00063D376 /* FirstViewController.swift */,
				99F04A652750B1020063D376 /* SecondViewController.swift */,
				99F04A672750B1DA0063D376 /* ThirdViewController.swift */,
				99F04A552750A75F0063D376 /* Main.storyboard */,
				99F04A582750A7640063D376 /* Assets.xcassets */,
				99F04A5A2750A7640063D376 /* LaunchScreen.storyboard */,
				99F04A5D2750A7640063D376 /* Info.plist */,
			);
			path = "XLPagerTab-Sample";
			sourceTree = "<group>";
		};
/* End PBXGroup section */

/* Begin PBXNativeTarget section */
		99F04A4B2750A75F0063D376 /* XLPagerTab-Sample */ = {
			isa = PBXNativeTarget;
			buildConfigurationList = 99F04A602750A7640063D376 /* Build configuration list for PBXNativeTarget "XLPagerTab-Sample" */;
			buildPhases = (
				7A78950FC9B692B1FC192833 /* [CP] Check Pods Manifest.lock */,
				99F04A482750A75F0063D376 /* Sources */,
				99F04A492750A75F0063D376 /* Frameworks */,
				99F04A4A2750A75F0063D376 /* Resources */,
				2682DCBD472AC0E7A4224C12 /* [CP] Embed Pods Frameworks */,
			);
			buildRules = (
			);
			dependencies = (
			);
			name = "XLPagerTab-Sample";
			productName = "XLPagerTab-Sample";
			productReference = 99F04A4C2750A75F0063D376 /* XLPagerTab-Sample.app */;
			productType = "com.apple.product-type.application";
		};
/* End PBXNativeTarget section */

/* Begin PBXProject section */
		99F04A442750A75F0063D376 /* Project object */ = {
			isa = PBXProject;
			attributes = {
				BuildIndependentTargetsInParallel = 1;
				LastSwiftUpdateCheck = 1310;
				LastUpgradeCheck = 1310;
				TargetAttributes = {
					99F04A4B2750A75F0063D376 = {
						CreatedOnToolsVersion = 13.1;
					};
				};
			};
			buildConfigurationList = 99F04A472750A75F0063D376 /* Build configuration list for PBXProject "XLPagerTab-Sample" */;
			compatibilityVersion = "Xcode 12.0";
			developmentRegion = en;
			hasScannedForEncodings = 0;
			knownRegions = (
				en,
				Base,
			);
			mainGroup = 99F04A432750A75F0063D376;
			productRefGroup = 99F04A4D2750A75F0063D376 /* Products */;
			projectDirPath = "";
			projectRoot = "";
			targets = (
				99F04A4B2750A75F0063D376 /* XLPagerTab-Sample */,
			);
		};
/* End PBXProject section */

/* Begin PBXResourcesBuildPhase section */
		99F04A4A2750A75F0063D376 /* Resources */ = {
			isa = PBXResourcesBuildPhase;
			buildActionMask = 2147483647;
			files = (
				99F04A5C2750A7640063D376 /* LaunchScreen.storyboard in Resources */,
				99F04A592750A7640063D376 /* Assets.xcassets in Resources */,
				99F04A572750A75F0063D376 /* Main.storyboard in Resources */,
			);
			runOnlyForDeploymentPostprocessing = 0;
		};
/* End PBXResourcesBuildPhase section */

/* Begin PBXShellScriptBuildPhase section */
		2682DCBD472AC0E7A4224C12 /* [CP] Embed Pods Frameworks */ = {
			isa = PBXShellScriptBuildPhase;
			buildActionMask = 2147483647;
			files = (
			);
			inputFileListPaths = (
				"${PODS_ROOT}/Target Support Files/Pods-XLPagerTab-Sample/Pods-XLPagerTab-Sample-frameworks-${CONFIGURATION}-input-files.xcfilelist",
			);
			name = "[CP] Embed Pods Frameworks";
			outputFileListPaths = (
				"${PODS_ROOT}/Target Support Files/Pods-XLPagerTab-Sample/Pods-XLPagerTab-Sample-frameworks-${CONFIGURATION}-output-files.xcfilelist",
			);
			runOnlyForDeploymentPostprocessing = 0;
			shellPath = /bin/sh;
			shellScript = "\"${PODS_ROOT}/Target Support Files/Pods-XLPagerTab-Sample/Pods-XLPagerTab-Sample-frameworks.sh\"\n";
			showEnvVarsInLog = 0;
		};
		7A78950FC9B692B1FC192833 /* [CP] Check Pods Manifest.lock */ = {
			isa = PBXShellScriptBuildPhase;
			buildActionMask = 2147483647;
			files = (
			);
			inputFileListPaths = (
			);
			inputPaths = (
				"${PODS_PODFILE_DIR_PATH}/Podfile.lock",
				"${PODS_ROOT}/Manifest.lock",
			);
			name = "[CP] Check Pods Manifest.lock";
			outputFileListPaths = (
			);
			outputPaths = (
				"$(DERIVED_FILE_DIR)/Pods-XLPagerTab-Sample-checkManifestLockResult.txt",
			);
			runOnlyForDeploymentPostprocessing = 0;
			shellPath = /bin/sh;
			shellScript = "diff \"${PODS_PODFILE_DIR_PATH}/Podfile.lock\" \"${PODS_ROOT}/Manifest.lock\" > /dev/null\nif [ $? != 0 ] ; then\n    # print error to STDERR\n    echo \"error: The sandbox is not in sync with the Podfile.lock. Run 'pod install' or update your CocoaPods installation.\" >&2\n    exit 1\nfi\n# This output is used by Xcode 'outputs' to avoid re-running this script phase.\necho \"SUCCESS\" > \"${SCRIPT_OUTPUT_FILE_0}\"\n";
			showEnvVarsInLog = 0;
		};
/* End PBXShellScriptBuildPhase section */

/* Begin PBXSourcesBuildPhase section */
		99F04A482750A75F0063D376 /* Sources */ = {
			isa = PBXSourcesBuildPhase;
			buildActionMask = 2147483647;
			files = (
				99F04A542750A75F0063D376 /* MainViewController.swift in Sources */,
				99F04A502750A75F0063D376 /* AppDelegate.swift in Sources */,
				99F04A522750A75F0063D376 /* SceneDelegate.swift in Sources */,
				99F04A662750B1020063D376 /* SecondViewController.swift in Sources */,
				99F04A682750B1DA0063D376 /* ThirdViewController.swift in Sources */,
				99F04A642750B0F00063D376 /* FirstViewController.swift in Sources */,
			);
			runOnlyForDeploymentPostprocessing = 0;
		};
/* End PBXSourcesBuildPhase section */

/* Begin PBXVariantGroup section */
		99F04A552750A75F0063D376 /* Main.storyboard */ = {
			isa = PBXVariantGroup;
			children = (
				99F04A562750A75F0063D376 /* Base */,
			);
			name = Main.storyboard;
			sourceTree = "<group>";
		};
		99F04A5A2750A7640063D376 /* LaunchScreen.storyboard */ = {
			isa = PBXVariantGroup;
			children = (
				99F04A5B2750A7640063D376 /* Base */,
			);
			name = LaunchScreen.storyboard;
			sourceTree = "<group>";
		};
/* End PBXVariantGroup section */

/* Begin XCBuildConfiguration section */
		99F04A5E2750A7640063D376 /* Debug */ = {
			isa = XCBuildConfiguration;
			buildSettings = {
				ALWAYS_SEARCH_USER_PATHS = NO;
				CLANG_ANALYZER_NONNULL = YES;
				CLANG_ANALYZER_NUMBER_OBJECT_CONVERSION = YES_AGGRESSIVE;
				CLANG_CXX_LANGUAGE_STANDARD = "gnu++17";
				CLANG_CXX_LIBRARY = "libc++";
				CLANG_ENABLE_MODULES = YES;
				CLANG_ENABLE_OBJC_ARC = YES;
				CLANG_ENABLE_OBJC_WEAK = YES;
				CLANG_WARN_BLOCK_CAPTURE_AUTORELEASING = YES;
				CLANG_WARN_BOOL_CONVERSION = YES;
				CLANG_WARN_COMMA = YES;
				CLANG_WARN_CONSTANT_CONVERSION = YES;
				CLANG_WARN_DEPRECATED_OBJC_IMPLEMENTATIONS = YES;
				CLANG_WARN_DIRECT_OBJC_ISA_USAGE = YES_ERROR;
				CLANG_WARN_DOCUMENTATION_COMMENTS = YES;
				CLANG_WARN_EMPTY_BODY = YES;
				CLANG_WARN_ENUM_CONVERSION = YES;
				CLANG_WARN_INFINITE_RECURSION = YES;
				CLANG_WARN_INT_CONVERSION = YES;
				CLANG_WARN_NON_LITERAL_NULL_CONVERSION = YES;
				CLANG_WARN_OBJC_IMPLICIT_RETAIN_SELF = YES;
				CLANG_WARN_OBJC_LITERAL_CONVERSION = YES;
				CLANG_WARN_OBJC_ROOT_CLASS = YES_ERROR;
				CLANG_WARN_QUOTED_INCLUDE_IN_FRAMEWORK_HEADER = YES;
				CLANG_WARN_RANGE_LOOP_ANALYSIS = YES;
				CLANG_WARN_STRICT_PROTOTYPES = YES;
				CLANG_WARN_SUSPICIOUS_MOVE = YES;
				CLANG_WARN_UNGUARDED_AVAILABILITY = YES_AGGRESSIVE;
				CLANG_WARN_UNREACHABLE_CODE = YES;
				CLANG_WARN__DUPLICATE_METHOD_MATCH = YES;
				COPY_PHASE_STRIP = NO;
				DEBUG_INFORMATION_FORMAT = dwarf;
				ENABLE_STRICT_OBJC_MSGSEND = YES;
				ENABLE_TESTABILITY = YES;
				GCC_C_LANGUAGE_STANDARD = gnu11;
				GCC_DYNAMIC_NO_PIC = NO;
				GCC_NO_COMMON_BLOCKS = YES;
				GCC_OPTIMIZATION_LEVEL = 0;
				GCC_PREPROCESSOR_DEFINITIONS = (
					"DEBUG=1",
					"$(inherited)",
				);
				GCC_WARN_64_TO_32_BIT_CONVERSION = YES;
				GCC_WARN_ABOUT_RETURN_TYPE = YES_ERROR;
				GCC_WARN_UNDECLARED_SELECTOR = YES;
				GCC_WARN_UNINITIALIZED_AUTOS = YES_AGGRESSIVE;
				GCC_WARN_UNUSED_FUNCTION = YES;
				GCC_WARN_UNUSED_VARIABLE = YES;
				IPHONEOS_DEPLOYMENT_TARGET = 15.0;
				MTL_ENABLE_DEBUG_INFO = INCLUDE_SOURCE;
				MTL_FAST_MATH = YES;
				ONLY_ACTIVE_ARCH = YES;
				SDKROOT = iphoneos;
				SWIFT_ACTIVE_COMPILATION_CONDITIONS = DEBUG;
				SWIFT_OPTIMIZATION_LEVEL = "-Onone";
			};
			name = Debug;
		};
		99F04A5F2750A7640063D376 /* Release */ = {
			isa = XCBuildConfiguration;
			buildSettings = {
				ALWAYS_SEARCH_USER_PATHS = NO;
				CLANG_ANALYZER_NONNULL = YES;
				CLANG_ANALYZER_NUMBER_OBJECT_CONVERSION = YES_AGGRESSIVE;
				CLANG_CXX_LANGUAGE_STANDARD = "gnu++17";
				CLANG_CXX_LIBRARY = "libc++";
				CLANG_ENABLE_MODULES = YES;
				CLANG_ENABLE_OBJC_ARC = YES;
				CLANG_ENABLE_OBJC_WEAK = YES;
				CLANG_WARN_BLOCK_CAPTURE_AUTORELEASING = YES;
				CLANG_WARN_BOOL_CONVERSION = YES;
				CLANG_WARN_COMMA = YES;
				CLANG_WARN_CONSTANT_CONVERSION = YES;
				CLANG_WARN_DEPRECATED_OBJC_IMPLEMENTATIONS = YES;
				CLANG_WARN_DIRECT_OBJC_ISA_USAGE = YES_ERROR;
				CLANG_WARN_DOCUMENTATION_COMMENTS = YES;
				CLANG_WARN_EMPTY_BODY = YES;
				CLANG_WARN_ENUM_CONVERSION = YES;
				CLANG_WARN_INFINITE_RECURSION = YES;
				CLANG_WARN_INT_CONVERSION = YES;
				CLANG_WARN_NON_LITERAL_NULL_CONVERSION = YES;
				CLANG_WARN_OBJC_IMPLICIT_RETAIN_SELF = YES;
				CLANG_WARN_OBJC_LITERAL_CONVERSION = YES;
				CLANG_WARN_OBJC_ROOT_CLASS = YES_ERROR;
				CLANG_WARN_QUOTED_INCLUDE_IN_FRAMEWORK_HEADER = YES;
				CLANG_WARN_RANGE_LOOP_ANALYSIS = YES;
				CLANG_WARN_STRICT_PROTOTYPES = YES;
				CLANG_WARN_SUSPICIOUS_MOVE = YES;
				CLANG_WARN_UNGUARDED_AVAILABILITY = YES_AGGRESSIVE;
				CLANG_WARN_UNREACHABLE_CODE = YES;
				CLANG_WARN__DUPLICATE_METHOD_MATCH = YES;
				COPY_PHASE_STRIP = NO;
				DEBUG_INFORMATION_FORMAT = "dwarf-with-dsym";
				ENABLE_NS_ASSERTIONS = NO;
				ENABLE_STRICT_OBJC_MSGSEND = YES;
				GCC_C_LANGUAGE_STANDARD = gnu11;
				GCC_NO_COMMON_BLOCKS = YES;
				GCC_WARN_64_TO_32_BIT_CONVERSION = YES;
				GCC_WARN_ABOUT_RETURN_TYPE = YES_ERROR;
				GCC_WARN_UNDECLARED_SELECTOR = YES;
				GCC_WARN_UNINITIALIZED_AUTOS = YES_AGGRESSIVE;
				GCC_WARN_UNUSED_FUNCTION = YES;
				GCC_WARN_UNUSED_VARIABLE = YES;
				IPHONEOS_DEPLOYMENT_TARGET = 15.0;
				MTL_ENABLE_DEBUG_INFO = NO;
				MTL_FAST_MATH = YES;
				SDKROOT = iphoneos;
				SWIFT_COMPILATION_MODE = wholemodule;
				SWIFT_OPTIMIZATION_LEVEL = "-O";
				VALIDATE_PRODUCT = YES;
			};
			name = Release;
		};
		99F04A612750A7640063D376 /* Debug */ = {
			isa = XCBuildConfiguration;
			baseConfigurationReference = 6BFF4A32567A2F6BEB9B6CD9 /* Pods-XLPagerTab-Sample.debug.xcconfig */;
			buildSettings = {
				ASSETCATALOG_COMPILER_APPICON_NAME = AppIcon;
				ASSETCATALOG_COMPILER_GLOBAL_ACCENT_COLOR_NAME = AccentColor;
				CODE_SIGN_STYLE = Automatic;
				CURRENT_PROJECT_VERSION = 1;
				DEVELOPMENT_TEAM = 4KX39VZ9JG;
				GENERATE_INFOPLIST_FILE = YES;
				INFOPLIST_FILE = "XLPagerTab-Sample/Info.plist";
				INFOPLIST_KEY_UIApplicationSupportsIndirectInputEvents = YES;
				INFOPLIST_KEY_UILaunchStoryboardName = LaunchScreen;
				INFOPLIST_KEY_UIMainStoryboardFile = Main;
				INFOPLIST_KEY_UISupportedInterfaceOrientations_iPad = "UIInterfaceOrientationPortrait UIInterfaceOrientationPortraitUpsideDown UIInterfaceOrientationLandscapeLeft UIInterfaceOrientationLandscapeRight";
				INFOPLIST_KEY_UISupportedInterfaceOrientations_iPhone = "UIInterfaceOrientationPortrait UIInterfaceOrientationLandscapeLeft UIInterfaceOrientationLandscapeRight";
				LD_RUNPATH_SEARCH_PATHS = (
					"$(inherited)",
					"@executable_path/Frameworks",
				);
				MARKETING_VERSION = 1.0;
				PRODUCT_BUNDLE_IDENTIFIER = "Toshiki-Yanagimoto.XLPagerTab-Sample";
				PRODUCT_NAME = "$(TARGET_NAME)";
				SWIFT_EMIT_LOC_STRINGS = YES;
				SWIFT_VERSION = 5.0;
				TARGETED_DEVICE_FAMILY = "1,2";
			};
			name = Debug;
		};
		99F04A622750A7640063D376 /* Release */ = {
			isa = XCBuildConfiguration;
			baseConfigurationReference = A645A5FE11E8BDE706875BDE /* Pods-XLPagerTab-Sample.release.xcconfig */;
			buildSettings = {
				ASSETCATALOG_COMPILER_APPICON_NAME = AppIcon;
				ASSETCATALOG_COMPILER_GLOBAL_ACCENT_COLOR_NAME = AccentColor;
				CODE_SIGN_STYLE = Automatic;
				CURRENT_PROJECT_VERSION = 1;
				DEVELOPMENT_TEAM = 4KX39VZ9JG;
				GENERATE_INFOPLIST_FILE = YES;
				INFOPLIST_FILE = "XLPagerTab-Sample/Info.plist";
				INFOPLIST_KEY_UIApplicationSupportsIndirectInputEvents = YES;
				INFOPLIST_KEY_UILaunchStoryboardName = LaunchScreen;
				INFOPLIST_KEY_UIMainStoryboardFile = Main;
				INFOPLIST_KEY_UISupportedInterfaceOrientations_iPad = "UIInterfaceOrientationPortrait UIInterfaceOrientationPortraitUpsideDown UIInterfaceOrientationLandscapeLeft UIInterfaceOrientationLandscapeRight";
				INFOPLIST_KEY_UISupportedInterfaceOrientations_iPhone = "UIInterfaceOrientationPortrait UIInterfaceOrientationLandscapeLeft UIInterfaceOrientationLandscapeRight";
				LD_RUNPATH_SEARCH_PATHS = (
					"$(inherited)",
					"@executable_path/Frameworks",
				);
				MARKETING_VERSION = 1.0;
				PRODUCT_BUNDLE_IDENTIFIER = "Toshiki-Yanagimoto.XLPagerTab-Sample";
				PRODUCT_NAME = "$(TARGET_NAME)";
				SWIFT_EMIT_LOC_STRINGS = YES;
				SWIFT_VERSION = 5.0;
				TARGETED_DEVICE_FAMILY = "1,2";
			};
			name = Release;
		};
/* End XCBuildConfiguration section */

/* Begin XCConfigurationList section */
		99F04A472750A75F0063D376 /* Build configuration list for PBXProject "XLPagerTab-Sample" */ = {
			isa = XCConfigurationList;
			buildConfigurations = (
				99F04A5E2750A7640063D376 /* Debug */,
				99F04A5F2750A7640063D376 /* Release */,
			);
			defaultConfigurationIsVisible = 0;
			defaultConfigurationName = Release;
		};
		99F04A602750A7640063D376 /* Build configuration list for PBXNativeTarget "XLPagerTab-Sample" */ = {
			isa = XCConfigurationList;
			buildConfigurations = (
				99F04A612750A7640063D376 /* Debug */,
				99F04A622750A7640063D376 /* Release */,
			);
			defaultConfigurationIsVisible = 0;
			defaultConfigurationName = Release;
		};
/* End XCConfigurationList section */
	};
	rootObject = 99F04A442750A75F0063D376 /* Project object */;
}
